
Microsoft Visual Studio Solution File, Format Version 12.00
# Visual Studio 15
VisualStudioVersion = 15.0.28307.136
MinimumVisualStudioVersion = 10.0.40219.1
Project("{FAE04EC0-301F-11D3-BF4B-00C04F79EFBC}") = "Bootlegger.App.Win", "Bootlegger.Application.Win\Bootlegger.App.Win.csproj", "{90C52F7F-6BB0-4C96-A303-F3F8DCCF7BC5}"
EndProject
Project("{D954291E-2A0B-460D-934E-DC6B0785DB48}") = "Bootlegger.App.Lib", "Bootlegger.Application.Lib\Bootlegger.App.Lib.shproj", "{E5823482-93CC-4F26-9C35-4A1EFE2DA35F}"
EndProject
Project("{930C7802-8A8C-48F9-8165-68863BCCD9DD}") = "Bootstrapper", "Bootstrapper1\Bootstrapper.wixproj", "{BAEA7C67-A469-4B75-B01E-C69C5E81205B}"
EndProject
Project("{930C7802-8A8C-48F9-8165-68863BCCD9DD}") = "Installer", "Installer\Installer.wixproj", "{C9D2BC9F-261A-49EC-8925-0AF50F93814B}"
	ProjectSection(ProjectDependencies) = postProject
		{90C52F7F-6BB0-4C96-A303-F3F8DCCF7BC5} = {90C52F7F-6BB0-4C96-A303-F3F8DCCF7BC5}
	EndProjectSection
EndProject
Global
	GlobalSection(SharedMSBuildProjectFiles) = preSolution
		Bootlegger.Application.Lib\Bootlegger.Application.Lib.projitems*{90c52f7f-6bb0-4c96-a303-f3f8dccf7bc5}*SharedItemsImports = 4
		Bootlegger.Application.Lib\Bootlegger.Application.Lib.projitems*{e5823482-93cc-4f26-9c35-4a1efe2da35f}*SharedItemsImports = 13
	EndGlobalSection
	GlobalSection(SolutionConfigurationPlatforms) = preSolution
		Debug|Any CPU = Debug|Any CPU
		Debug|x86 = Debug|x86
		Release|Any CPU = Release|Any CPU
		Release|x86 = Release|x86
	EndGlobalSection
	GlobalSection(ProjectConfigurationPlatforms) = postSolution
		{90C52F7F-6BB0-4C96-A303-F3F8DCCF7BC5}.Debug|Any CPU.ActiveCfg = Debug|Any CPU
		{90C52F7F-6BB0-4C96-A303-F3F8DCCF7BC5}.Debug|Any CPU.Build.0 = Debug|Any CPU
		{90C52F7F-6BB0-4C96-A303-F3F8DCCF7BC5}.Debug|x86.ActiveCfg = Debug|Any CPU
		{90C52F7F-6BB0-4C96-A303-F3F8DCCF7BC5}.Debug|x86.Build.0 = Debug|Any CPU
		{90C52F7F-6BB0-4C96-A303-F3F8DCCF7BC5}.Release|Any CPU.ActiveCfg = Release|Any CPU
		{90C52F7F-6BB0-4C96-A303-F3F8DCCF7BC5}.Release|Any CPU.Build.0 = Release|Any CPU
		{90C52F7F-6BB0-4C96-A303-F3F8DCCF7BC5}.Release|x86.ActiveCfg = Release|Any CPU
		{90C52F7F-6BB0-4C96-A303-F3F8DCCF7BC5}.Release|x86.Build.0 = Release|Any CPU
		{BAEA7C67-A469-4B75-B01E-C69C5E81205B}.Debug|Any CPU.ActiveCfg = Debug|x86
		{BAEA7C67-A469-4B75-B01E-C69C5E81205B}.Debug|x86.ActiveCfg = Debug|x86
		{BAEA7C67-A469-4B75-B01E-C69C5E81205B}.Debug|x86.Build.0 = Debug|x86
		{BAEA7C67-A469-4B75-B01E-C69C5E81205B}.Release|Any CPU.ActiveCfg = Release|x86
		{BAEA7C67-A469-4B75-B01E-C69C5E81205B}.Release|x86.ActiveCfg = Release|x86
		{BAEA7C67-A469-4B75-B01E-C69C5E81205B}.Release|x86.Build.0 = Release|x86
		{C9D2BC9F-261A-49EC-8925-0AF50F93814B}.Debug|Any CPU.ActiveCfg = Debug|x86
		{C9D2BC9F-261A-49EC-8925-0AF50F93814B}.Debug|x86.ActiveCfg = Debug|x86
		{C9D2BC9F-261A-49EC-8925-0AF50F93814B}.Debug|x86.Build.0 = Debug|x86
		{C9D2BC9F-261A-49EC-8925-0AF50F93814B}.Release|Any CPU.ActiveCfg = Release|x86
		{C9D2BC9F-261A-49EC-8925-0AF50F93814B}.Release|x86.ActiveCfg = Release|x86
		{C9D2BC9F-261A-49EC-8925-0AF50F93814B}.Release|x86.Build.0 = Release|x86
	EndGlobalSection
	GlobalSection(SolutionProperties) = preSolution
		HideSolutionNode = FALSE
	EndGlobalSection
	GlobalSection(ExtensibilityGlobals) = postSolution
		SolutionGuid = {F3A963DA-D77A-48EE-A130-B6786961D801}
	EndGlobalSection
EndGlobal
