
Microsoft Visual Studio Solution File, Format Version 12.00
# Visual Studio 15
VisualStudioVersion = 15.0.28307.136
MinimumVisualStudioVersion = 10.0.40219.1
Project("{FAE04EC0-301F-11D3-BF4B-00C04F79EFBC}") = "Bootlegger.App.Win", "Bootlegger.Application.Win\Bootlegger.App.Win.csproj", "{90C52F7F-6BB0-4C96-A303-F3F8DCCF7BC5}"
EndProject
Project("{D954291E-2A0B-460D-934E-DC6B0785DB48}") = "Bootlegger.App.Lib", "Bootlegger.Application.Lib\Bootlegger.App.Lib.shproj", "{E5823482-93CC-4F26-9C35-4A1EFE2DA35F}"
EndProject
Project("{54435603-DBB4-11D2-8724-00A0C9A8B90C}") = "Bootlegger.App.Win.Installer", "Bootlegger.App.Win.Installer\Bootlegger.App.Win.Installer.vdproj", "{6AAA69ED-6D17-476B-B455-65A5ACADBD77}"
EndProject
Global
	GlobalSection(SharedMSBuildProjectFiles) = preSolution
		Bootlegger.Application.Lib\Bootlegger.Application.Lib.projitems*{90c52f7f-6bb0-4c96-a303-f3f8dccf7bc5}*SharedItemsImports = 4
		Bootlegger.Application.Lib\Bootlegger.Application.Lib.projitems*{e5823482-93cc-4f26-9c35-4a1efe2da35f}*SharedItemsImports = 13
	EndGlobalSection
	GlobalSection(SolutionConfigurationPlatforms) = preSolution
		Debug|Any CPU = Debug|Any CPU
		Release|Any CPU = Release|Any CPU
	EndGlobalSection
	GlobalSection(ProjectConfigurationPlatforms) = postSolution
		{90C52F7F-6BB0-4C96-A303-F3F8DCCF7BC5}.Debug|Any CPU.ActiveCfg = Debug|Any CPU
		{90C52F7F-6BB0-4C96-A303-F3F8DCCF7BC5}.Debug|Any CPU.Build.0 = Debug|Any CPU
		{90C52F7F-6BB0-4C96-A303-F3F8DCCF7BC5}.Release|Any CPU.ActiveCfg = Release|Any CPU
		{90C52F7F-6BB0-4C96-A303-F3F8DCCF7BC5}.Release|Any CPU.Build.0 = Release|Any CPU
		{6AAA69ED-6D17-476B-B455-65A5ACADBD77}.Debug|Any CPU.ActiveCfg = Debug
		{6AAA69ED-6D17-476B-B455-65A5ACADBD77}.Debug|Any CPU.Build.0 = Debug
		{6AAA69ED-6D17-476B-B455-65A5ACADBD77}.Release|Any CPU.ActiveCfg = Release
		{6AAA69ED-6D17-476B-B455-65A5ACADBD77}.Release|Any CPU.Build.0 = Release
	EndGlobalSection
	GlobalSection(SolutionProperties) = preSolution
		HideSolutionNode = FALSE
	EndGlobalSection
	GlobalSection(ExtensibilityGlobals) = postSolution
		SolutionGuid = {F3A963DA-D77A-48EE-A130-B6786961D801}
	EndGlobalSection
EndGlobal
